
Microsoft Visual Studio Solution File, Format Version 12.00
# Visual Studio Version 17
VisualStudioVersion = 17.11.35208.52
MinimumVisualStudioVersion = 10.0.40219.1
Project("{FAE04EC0-301F-11D3-BF4B-00C04F79EFBC}") = "StefanJativa_EvaluacionP1", "StefanJativa_EvaluacionP1\StefanJativa_EvaluacionP1.csproj", "{4BE62798-EFEC-4BA3-BF2A-493D91EC0B64}"
EndProject
Global
	GlobalSection(SolutionConfigurationPlatforms) = preSolution
		Debug|Any CPU = Debug|Any CPU
		Release|Any CPU = Release|Any CPU
	EndGlobalSection
	GlobalSection(ProjectConfigurationPlatforms) = postSolution
		{4BE62798-EFEC-4BA3-BF2A-493D91EC0B64}.Debug|Any CPU.ActiveCfg = Debug|Any CPU
		{4BE62798-EFEC-4BA3-BF2A-493D91EC0B64}.Debug|Any CPU.Build.0 = Debug|Any CPU
		{4BE62798-EFEC-4BA3-BF2A-493D91EC0B64}.Release|Any CPU.ActiveCfg = Release|Any CPU
		{4BE62798-EFEC-4BA3-BF2A-493D91EC0B64}.Release|Any CPU.Build.0 = Release|Any CPU
	EndGlobalSection
	GlobalSection(SolutionProperties) = preSolution
		HideSolutionNode = FALSE
	EndGlobalSection
	GlobalSection(ExtensibilityGlobals) = postSolution
		SolutionGuid = {BE9711E9-F29A-4C41-A75E-5E36B1AEA5B6}
	EndGlobalSection
EndGlobal
